
Microsoft Visual Studio Solution File, Format Version 12.00
# Visual Studio Version 16
VisualStudioVersion = 16.0.31205.134
MinimumVisualStudioVersion = 10.0.40219.1
Project("{9A19103F-16F7-4668-BE54-9A1E7A4F7556}") = "FoodieApp", "FoodieApp\FoodieApp.csproj", "{174EF073-57C1-401E-8EBA-246AF95EC2C4}"
EndProject
Project("{FAE04EC0-301F-11D3-BF4B-00C04F79EFBC}") = "FoodieApp.Core", "FoodieApp.Core\FoodieApp.Core.csproj", "{CA564124-0ACF-47AA-82D6-9E8C10112568}"
EndProject
Project("{FAE04EC0-301F-11D3-BF4B-00C04F79EFBC}") = "FoodieApp.Data", "FoodieApp.Data\FoodieApp.Data.csproj", "{06337313-3D9C-473E-BF87-A5DB55C88CE1}"
EndProject
Global
	GlobalSection(SolutionConfigurationPlatforms) = preSolution
		Debug|Any CPU = Debug|Any CPU
		Release|Any CPU = Release|Any CPU
	EndGlobalSection
	GlobalSection(ProjectConfigurationPlatforms) = postSolution
		{174EF073-57C1-401E-8EBA-246AF95EC2C4}.Debug|Any CPU.ActiveCfg = Debug|Any CPU
		{174EF073-57C1-401E-8EBA-246AF95EC2C4}.Debug|Any CPU.Build.0 = Debug|Any CPU
		{174EF073-57C1-401E-8EBA-246AF95EC2C4}.Release|Any CPU.ActiveCfg = Release|Any CPU
		{174EF073-57C1-401E-8EBA-246AF95EC2C4}.Release|Any CPU.Build.0 = Release|Any CPU
		{CA564124-0ACF-47AA-82D6-9E8C10112568}.Debug|Any CPU.ActiveCfg = Debug|Any CPU
		{CA564124-0ACF-47AA-82D6-9E8C10112568}.Debug|Any CPU.Build.0 = Debug|Any CPU
		{CA564124-0ACF-47AA-82D6-9E8C10112568}.Release|Any CPU.ActiveCfg = Release|Any CPU
		{CA564124-0ACF-47AA-82D6-9E8C10112568}.Release|Any CPU.Build.0 = Release|Any CPU
		{06337313-3D9C-473E-BF87-A5DB55C88CE1}.Debug|Any CPU.ActiveCfg = Debug|Any CPU
		{06337313-3D9C-473E-BF87-A5DB55C88CE1}.Debug|Any CPU.Build.0 = Debug|Any CPU
		{06337313-3D9C-473E-BF87-A5DB55C88CE1}.Release|Any CPU.ActiveCfg = Release|Any CPU
		{06337313-3D9C-473E-BF87-A5DB55C88CE1}.Release|Any CPU.Build.0 = Release|Any CPU
	EndGlobalSection
	GlobalSection(SolutionProperties) = preSolution
		HideSolutionNode = FALSE
	EndGlobalSection
	GlobalSection(ExtensibilityGlobals) = postSolution
		SolutionGuid = {CA4F7872-D2BA-44B8-8206-3D104240F74F}
	EndGlobalSection
EndGlobal
